// !$*UTF8*$!
{
	archiveVersion = 1;
	classes = {
	};
	objectVersion = 50;
	objects = {

/* Begin PBXBuildFile section */
		9570CDE626BB90E5002E066D /* AppDelegate.swift in Sources */ = {isa = PBXBuildFile; fileRef = 9570CDE526BB90E5002E066D /* AppDelegate.swift */; };
		9570CDE826BB90E5002E066D /* SceneDelegate.swift in Sources */ = {isa = PBXBuildFile; fileRef = 9570CDE726BB90E5002E066D /* SceneDelegate.swift */; };
		9570CDED26BB90E5002E066D /* Main.storyboard in Resources */ = {isa = PBXBuildFile; fileRef = 9570CDEB26BB90E5002E066D /* Main.storyboard */; };
		9570CDF026BB90E5002E066D /* The_Color_Guard_App.xcdatamodeld in Sources */ = {isa = PBXBuildFile; fileRef = 9570CDEE26BB90E5002E066D /* The_Color_Guard_App.xcdatamodeld */; };
		9570CDF226BB90E9002E066D /* Assets.xcassets in Resources */ = {isa = PBXBuildFile; fileRef = 9570CDF126BB90E9002E066D /* Assets.xcassets */; };
		9570CDF526BB90E9002E066D /* LaunchScreen.storyboard in Resources */ = {isa = PBXBuildFile; fileRef = 9570CDF326BB90E9002E066D /* LaunchScreen.storyboard */; };
/* End PBXBuildFile section */

/* Begin PBXFileReference section */
		9570CDE226BB90E5002E066D /* The Color Guard App.app */ = {isa = PBXFileReference; explicitFileType = wrapper.application; includeInIndex = 0; path = "The Color Guard App.app"; sourceTree = BUILT_PRODUCTS_DIR; };
		9570CDE526BB90E5002E066D /* AppDelegate.swift */ = {isa = PBXFileReference; lastKnownFileType = sourcecode.swift; path = AppDelegate.swift; sourceTree = "<group>"; };
		9570CDE726BB90E5002E066D /* SceneDelegate.swift */ = {isa = PBXFileReference; lastKnownFileType = sourcecode.swift; path = SceneDelegate.swift; sourceTree = "<group>"; };
		9570CDEC26BB90E5002E066D /* Base */ = {isa = PBXFileReference; lastKnownFileType = file.storyboard; name = Base; path = Base.lproj/Main.storyboard; sourceTree = "<group>"; };
		9570CDEF26BB90E5002E066D /* The_Color_Guard_App.xcdatamodel */ = {isa = PBXFileReference; lastKnownFileType = wrapper.xcdatamodel; path = The_Color_Guard_App.xcdatamodel; sourceTree = "<group>"; };
		9570CDF126BB90E9002E066D /* Assets.xcassets */ = {isa = PBXFileReference; lastKnownFileType = folder.assetcatalog; path = Assets.xcassets; sourceTree = "<group>"; };
		9570CDF426BB90E9002E066D /* Base */ = {isa = PBXFileReference; lastKnownFileType = file.storyboard; name = Base; path = Base.lproj/LaunchScreen.storyboard; sourceTree = "<group>"; };
		9570CDF626BB90E9002E066D /* Info.plist */ = {isa = PBXFileReference; lastKnownFileType = text.plist.xml; path = Info.plist; sourceTree = "<group>"; };
/* End PBXFileReference section */

/* Begin PBXFrameworksBuildPhase section */
		9570CDDF26BB90E5002E066D /* Frameworks */ = {
			isa = PBXFrameworksBuildPhase;
			buildActionMask = 2147483647;
			files = (
			);
			runOnlyForDeploymentPostprocessing = 0;
		};
/* End PBXFrameworksBuildPhase section */

/* Begin PBXGroup section */
		9570CDD926BB90E5002E066D = {
			isa = PBXGroup;
			children = (
				9570CDE426BB90E5002E066D /* The Color Guard App */,
				9570CDE326BB90E5002E066D /* Products */,
			);
			sourceTree = "<group>";
		};
		9570CDE326BB90E5002E066D /* Products */ = {
			isa = PBXGroup;
			children = (
				9570CDE226BB90E5002E066D /* The Color Guard App.app */,
			);
			name = Products;
			sourceTree = "<group>";
		};
		9570CDE426BB90E5002E066D /* The Color Guard App */ = {
			isa = PBXGroup;
			children = (
				9570CDE526BB90E5002E066D /* AppDelegate.swift */,
				9570CDE726BB90E5002E066D /* SceneDelegate.swift */,
				9570CDEB26BB90E5002E066D /* Main.storyboard */,
				9570CDF126BB90E9002E066D /* Assets.xcassets */,
				9570CDF326BB90E9002E066D /* LaunchScreen.storyboard */,
				9570CDF626BB90E9002E066D /* Info.plist */,
				9570CDEE26BB90E5002E066D /* The_Color_Guard_App.xcdatamodeld */,
			);
			path = "The Color Guard App";
			sourceTree = "<group>";
		};
/* End PBXGroup section */

/* Begin PBXNativeTarget section */
		9570CDE126BB90E5002E066D /* The Color Guard App */ = {
			isa = PBXNativeTarget;
			buildConfigurationList = 9570CDF926BB90E9002E066D /* Build configuration list for PBXNativeTarget "The Color Guard App" */;
			buildPhases = (
				9570CDDE26BB90E5002E066D /* Sources */,
				9570CDDF26BB90E5002E066D /* Frameworks */,
				9570CDE026BB90E5002E066D /* Resources */,
			);
			buildRules = (
			);
			dependencies = (
			);
			name = "The Color Guard App";
			productName = "The Color Guard App";
			productReference = 9570CDE226BB90E5002E066D /* The Color Guard App.app */;
			productType = "com.apple.product-type.application";
		};
/* End PBXNativeTarget section */

/* Begin PBXProject section */
		9570CDDA26BB90E5002E066D /* Project object */ = {
			isa = PBXProject;
			attributes = {
				LastSwiftUpdateCheck = 1250;
				LastUpgradeCheck = 1250;
				TargetAttributes = {
					9570CDE126BB90E5002E066D = {
						CreatedOnToolsVersion = 12.5.1;
					};
				};
			};
			buildConfigurationList = 9570CDDD26BB90E5002E066D /* Build configuration list for PBXProject "The Color Guard App" */;
			compatibilityVersion = "Xcode 9.3";
			developmentRegion = en;
			hasScannedForEncodings = 0;
			knownRegions = (
				en,
				Base,
			);
			mainGroup = 9570CDD926BB90E5002E066D;
			productRefGroup = 9570CDE326BB90E5002E066D /* Products */;
			projectDirPath = "";
			projectRoot = "";
			targets = (
				9570CDE126BB90E5002E066D /* The Color Guard App */,
			);
		};
/* End PBXProject section */

/* Begin PBXResourcesBuildPhase section */
		9570CDE026BB90E5002E066D /* Resources */ = {
			isa = PBXResourcesBuildPhase;
			buildActionMask = 2147483647;
			files = (
				9570CDF526BB90E9002E066D /* LaunchScreen.storyboard in Resources */,
				9570CDF226BB90E9002E066D /* Assets.xcassets in Resources */,
				9570CDED26BB90E5002E066D /* Main.storyboard in Resources */,
			);
			runOnlyForDeploymentPostprocessing = 0;
		};
/* End PBXResourcesBuildPhase section */

/* Begin PBXSourcesBuildPhase section */
		9570CDDE26BB90E5002E066D /* Sources */ = {
			isa = PBXSourcesBuildPhase;
			buildActionMask = 2147483647;
			files = (
				9570CDE626BB90E5002E066D /* AppDelegate.swift in Sources */,
				9570CDF026BB90E5002E066D /* The_Color_Guard_App.xcdatamodeld in Sources */,
				9570CDE826BB90E5002E066D /* SceneDelegate.swift in Sources */,
			);
			runOnlyForDeploymentPostprocessing = 0;
		};
/* End PBXSourcesBuildPhase section */

/* Begin PBXVariantGroup section */
		9570CDEB26BB90E5002E066D /* Main.storyboard */ = {
			isa = PBXVariantGroup;
			children = (
				9570CDEC26BB90E5002E066D /* Base */,
			);
			name = Main.storyboard;
			sourceTree = "<group>";
		};
		9570CDF326BB90E9002E066D /* LaunchScreen.storyboard */ = {
			isa = PBXVariantGroup;
			children = (
				9570CDF426BB90E9002E066D /* Base */,
			);
			name = LaunchScreen.storyboard;
			sourceTree = "<group>";
		};
/* End PBXVariantGroup section */

/* Begin XCBuildConfiguration section */
		9570CDF726BB90E9002E066D /* Debug */ = {
			isa = XCBuildConfiguration;
			buildSettings = {
				ALWAYS_SEARCH_USER_PATHS = NO;
				CLANG_ANALYZER_NONNULL = YES;
				CLANG_ANALYZER_NUMBER_OBJECT_CONVERSION = YES_AGGRESSIVE;
				CLANG_CXX_LANGUAGE_STANDARD = "gnu++14";
				CLANG_CXX_LIBRARY = "libc++";
				CLANG_ENABLE_MODULES = YES;
				CLANG_ENABLE_OBJC_ARC = YES;
				CLANG_ENABLE_OBJC_WEAK = YES;
				CLANG_WARN_BLOCK_CAPTURE_AUTORELEASING = YES;
				CLANG_WARN_BOOL_CONVERSION = YES;
				CLANG_WARN_COMMA = YES;
				CLANG_WARN_CONSTANT_CONVERSION = YES;
				CLANG_WARN_DEPRECATED_OBJC_IMPLEMENTATIONS = YES;
				CLANG_WARN_DIRECT_OBJC_ISA_USAGE = YES_ERROR;
				CLANG_WARN_DOCUMENTATION_COMMENTS = YES;
				CLANG_WARN_EMPTY_BODY = YES;
				CLANG_WARN_ENUM_CONVERSION = YES;
				CLANG_WARN_INFINITE_RECURSION = YES;
				CLANG_WARN_INT_CONVERSION = YES;
				CLANG_WARN_NON_LITERAL_NULL_CONVERSION = YES;
				CLANG_WARN_OBJC_IMPLICIT_RETAIN_SELF = YES;
				CLANG_WARN_OBJC_LITERAL_CONVERSION = YES;
				CLANG_WARN_OBJC_ROOT_CLASS = YES_ERROR;
				CLANG_WARN_QUOTED_INCLUDE_IN_FRAMEWORK_HEADER = YES;
				CLANG_WARN_RANGE_LOOP_ANALYSIS = YES;
				CLANG_WARN_STRICT_PROTOTYPES = YES;
				CLANG_WARN_SUSPICIOUS_MOVE = YES;
				CLANG_WARN_UNGUARDED_AVAILABILITY = YES_AGGRESSIVE;
				CLANG_WARN_UNREACHABLE_CODE = YES;
				CLANG_WARN__DUPLICATE_METHOD_MATCH = YES;
				COPY_PHASE_STRIP = NO;
				DEBUG_INFORMATION_FORMAT = dwarf;
				ENABLE_STRICT_OBJC_MSGSEND = YES;
				ENABLE_TESTABILITY = YES;
				GCC_C_LANGUAGE_STANDARD = gnu11;
				GCC_DYNAMIC_NO_PIC = NO;
				GCC_NO_COMMON_BLOCKS = YES;
				GCC_OPTIMIZATION_LEVEL = 0;
				GCC_PREPROCESSOR_DEFINITIONS = (
					"DEBUG=1",
					"$(inherited)",
				);
				GCC_WARN_64_TO_32_BIT_CONVERSION = YES;
				GCC_WARN_ABOUT_RETURN_TYPE = YES_ERROR;
				GCC_WARN_UNDECLARED_SELECTOR = YES;
				GCC_WARN_UNINITIALIZED_AUTOS = YES_AGGRESSIVE;
				GCC_WARN_UNUSED_FUNCTION = YES;
				GCC_WARN_UNUSED_VARIABLE = YES;
				IPHONEOS_DEPLOYMENT_TARGET = 14.5;
				MTL_ENABLE_DEBUG_INFO = INCLUDE_SOURCE;
				MTL_FAST_MATH = YES;
				ONLY_ACTIVE_ARCH = YES;
				SDKROOT = iphoneos;
				SWIFT_ACTIVE_COMPILATION_CONDITIONS = DEBUG;
				SWIFT_OPTIMIZATION_LEVEL = "-Onone";
			};
			name = Debug;
		};
		9570CDF826BB90E9002E066D /* Release */ = {
			isa = XCBuildConfiguration;
			buildSettings = {
				ALWAYS_SEARCH_USER_PATHS = NO;
				CLANG_ANALYZER_NONNULL = YES;
				CLANG_ANALYZER_NUMBER_OBJECT_CONVERSION = YES_AGGRESSIVE;
				CLANG_CXX_LANGUAGE_STANDARD = "gnu++14";
				CLANG_CXX_LIBRARY = "libc++";
				CLANG_ENABLE_MODULES = YES;
				CLANG_ENABLE_OBJC_ARC = YES;
				CLANG_ENABLE_OBJC_WEAK = YES;
				CLANG_WARN_BLOCK_CAPTURE_AUTORELEASING = YES;
				CLANG_WARN_BOOL_CONVERSION = YES;
				CLANG_WARN_COMMA = YES;
				CLANG_WARN_CONSTANT_CONVERSION = YES;
				CLANG_WARN_DEPRECATED_OBJC_IMPLEMENTATIONS = YES;
				CLANG_WARN_DIRECT_OBJC_ISA_USAGE = YES_ERROR;
				CLANG_WARN_DOCUMENTATION_COMMENTS = YES;
				CLANG_WARN_EMPTY_BODY = YES;
				CLANG_WARN_ENUM_CONVERSION = YES;
				CLANG_WARN_INFINITE_RECURSION = YES;
				CLANG_WARN_INT_CONVERSION = YES;
				CLANG_WARN_NON_LITERAL_NULL_CONVERSION = YES;
				CLANG_WARN_OBJC_IMPLICIT_RETAIN_SELF = YES;
				CLANG_WARN_OBJC_LITERAL_CONVERSION = YES;
				CLANG_WARN_OBJC_ROOT_CLASS = YES_ERROR;
				CLANG_WARN_QUOTED_INCLUDE_IN_FRAMEWORK_HEADER = YES;
				CLANG_WARN_RANGE_LOOP_ANALYSIS = YES;
				CLANG_WARN_STRICT_PROTOTYPES = YES;
				CLANG_WARN_SUSPICIOUS_MOVE = YES;
				CLANG_WARN_UNGUARDED_AVAILABILITY = YES_AGGRESSIVE;
				CLANG_WARN_UNREACHABLE_CODE = YES;
				CLANG_WARN__DUPLICATE_METHOD_MATCH = YES;
				COPY_PHASE_STRIP = NO;
				DEBUG_INFORMATION_FORMAT = "dwarf-with-dsym";
				ENABLE_NS_ASSERTIONS = NO;
				ENABLE_STRICT_OBJC_MSGSEND = YES;
				GCC_C_LANGUAGE_STANDARD = gnu11;
				GCC_NO_COMMON_BLOCKS = YES;
				GCC_WARN_64_TO_32_BIT_CONVERSION = YES;
				GCC_WARN_ABOUT_RETURN_TYPE = YES_ERROR;
				GCC_WARN_UNDECLARED_SELECTOR = YES;
				GCC_WARN_UNINITIALIZED_AUTOS = YES_AGGRESSIVE;
				GCC_WARN_UNUSED_FUNCTION = YES;
				GCC_WARN_UNUSED_VARIABLE = YES;
				IPHONEOS_DEPLOYMENT_TARGET = 14.5;
				MTL_ENABLE_DEBUG_INFO = NO;
				MTL_FAST_MATH = YES;
				SDKROOT = iphoneos;
				SWIFT_COMPILATION_MODE = wholemodule;
				SWIFT_OPTIMIZATION_LEVEL = "-O";
				VALIDATE_PRODUCT = YES;
			};
			name = Release;
		};
		9570CDFA26BB90E9002E066D /* Debug */ = {
			isa = XCBuildConfiguration;
			buildSettings = {
				ASSETCATALOG_COMPILER_APPICON_NAME = AppIcon;
				ASSETCATALOG_COMPILER_GLOBAL_ACCENT_COLOR_NAME = AccentColor;
				CODE_SIGN_STYLE = Automatic;
				DEVELOPMENT_TEAM = XRM48M33LP;
				INFOPLIST_FILE = "The Color Guard App/Info.plist";
				LD_RUNPATH_SEARCH_PATHS = (
					"$(inherited)",
					"@executable_path/Frameworks",
				);
				PRODUCT_BUNDLE_IDENTIFIER = "carpenetti.The-Color-Guard-App";
				PRODUCT_NAME = "$(TARGET_NAME)";
				SWIFT_VERSION = 5.0;
				TARGETED_DEVICE_FAMILY = "1,2";
			};
			name = Debug;
		};
		9570CDFB26BB90E9002E066D /* Release */ = {
			isa = XCBuildConfiguration;
			buildSettings = {
				ASSETCATALOG_COMPILER_APPICON_NAME = AppIcon;
				ASSETCATALOG_COMPILER_GLOBAL_ACCENT_COLOR_NAME = AccentColor;
				CODE_SIGN_STYLE = Automatic;
				DEVELOPMENT_TEAM = XRM48M33LP;
				INFOPLIST_FILE = "The Color Guard App/Info.plist";
				LD_RUNPATH_SEARCH_PATHS = (
					"$(inherited)",
					"@executable_path/Frameworks",
				);
				PRODUCT_BUNDLE_IDENTIFIER = "carpenetti.The-Color-Guard-App";
				PRODUCT_NAME = "$(TARGET_NAME)";
				SWIFT_VERSION = 5.0;
				TARGETED_DEVICE_FAMILY = "1,2";
			};
			name = Release;
		};
/* End XCBuildConfiguration section */

/* Begin XCConfigurationList section */
		9570CDDD26BB90E5002E066D /* Build configuration list for PBXProject "The Color Guard App" */ = {
			isa = XCConfigurationList;
			buildConfigurations = (
				9570CDF726BB90E9002E066D /* Debug */,
				9570CDF826BB90E9002E066D /* Release */,
			);
			defaultConfigurationIsVisible = 0;
			defaultConfigurationName = Release;
		};
		9570CDF926BB90E9002E066D /* Build configuration list for PBXNativeTarget "The Color Guard App" */ = {
			isa = XCConfigurationList;
			buildConfigurations = (
				9570CDFA26BB90E9002E066D /* Debug */,
				9570CDFB26BB90E9002E066D /* Release */,
			);
			defaultConfigurationIsVisible = 0;
			defaultConfigurationName = Release;
		};
/* End XCConfigurationList section */

/* Begin XCVersionGroup section */
		9570CDEE26BB90E5002E066D /* The_Color_Guard_App.xcdatamodeld */ = {
			isa = XCVersionGroup;
			children = (
				9570CDEF26BB90E5002E066D /* The_Color_Guard_App.xcdatamodel */,
			);
			currentVersion = 9570CDEF26BB90E5002E066D /* The_Color_Guard_App.xcdatamodel */;
			path = The_Color_Guard_App.xcdatamodeld;
			sourceTree = "<group>";
			versionGroupType = wrapper.xcdatamodel;
		};
/* End XCVersionGroup section */
	};
	rootObject = 9570CDDA26BB90E5002E066D /* Project object */;
}
